
Microsoft Visual Studio Solution File, Format Version 12.00
# Visual Studio 15
VisualStudioVersion = 15.0.28307.438
MinimumVisualStudioVersion = 10.0.40219.1
Project("{FAE04EC0-301F-11D3-BF4B-00C04F79EFBC}") = "SampleConApp", "SampleConApp\SampleConApp.csproj", "{DE953A3D-C516-45F1-8DD5-6813DDCC752D}"
EndProject
Global
	GlobalSection(SolutionConfigurationPlatforms) = preSolution
		Debug|Any CPU = Debug|Any CPU
		Release|Any CPU = Release|Any CPU
	EndGlobalSection
	GlobalSection(ProjectConfigurationPlatforms) = postSolution
		{DE953A3D-C516-45F1-8DD5-6813DDCC752D}.Debug|Any CPU.ActiveCfg = Debug|Any CPU
		{DE953A3D-C516-45F1-8DD5-6813DDCC752D}.Debug|Any CPU.Build.0 = Debug|Any CPU
		{DE953A3D-C516-45F1-8DD5-6813DDCC752D}.Release|Any CPU.ActiveCfg = Release|Any CPU
		{DE953A3D-C516-45F1-8DD5-6813DDCC752D}.Release|Any CPU.Build.0 = Release|Any CPU
	EndGlobalSection
	GlobalSection(SolutionProperties) = preSolution
		HideSolutionNode = FALSE
	EndGlobalSection
	GlobalSection(ExtensibilityGlobals) = postSolution
		SolutionGuid = {030640A4-BF63-4BA8-86FB-A519171A4C7D}
	EndGlobalSection
EndGlobal
